// !$*UTF8*$!
{
	archiveVersion = 1;
	classes = {
	};
	objectVersion = 46;
	objects = {

/* Begin PBXBuildFile section */
		D034E9F01CAAA50D00FC32A6 /* AppDelegate.swift in Sources */ = {isa = PBXBuildFile; fileRef = D034E9EF1CAAA50D00FC32A6 /* AppDelegate.swift */; };
		D034E9F21CAAA50D00FC32A6 /* ViewController.swift in Sources */ = {isa = PBXBuildFile; fileRef = D034E9F11CAAA50D00FC32A6 /* ViewController.swift */; };
		D034E9F51CAAA50D00FC32A6 /* Main.storyboard in Resources */ = {isa = PBXBuildFile; fileRef = D034E9F31CAAA50D00FC32A6 /* Main.storyboard */; };
		D034E9F81CAAA50D00FC32A6 /* Reminder_3.xcdatamodeld in Sources */ = {isa = PBXBuildFile; fileRef = D034E9F61CAAA50D00FC32A6 /* Reminder_3.xcdatamodeld */; };
		D034E9FA1CAAA50D00FC32A6 /* Assets.xcassets in Resources */ = {isa = PBXBuildFile; fileRef = D034E9F91CAAA50D00FC32A6 /* Assets.xcassets */; };
		D034E9FD1CAAA50D00FC32A6 /* LaunchScreen.storyboard in Resources */ = {isa = PBXBuildFile; fileRef = D034E9FB1CAAA50D00FC32A6 /* LaunchScreen.storyboard */; };
		D034EA081CAAA50D00FC32A6 /* Reminder_3Tests.swift in Sources */ = {isa = PBXBuildFile; fileRef = D034EA071CAAA50D00FC32A6 /* Reminder_3Tests.swift */; };
		D034EA131CAAA50D00FC32A6 /* Reminder_3UITests.swift in Sources */ = {isa = PBXBuildFile; fileRef = D034EA121CAAA50D00FC32A6 /* Reminder_3UITests.swift */; };
		D034EA211CAAA70700FC32A6 /* Days.swift in Sources */ = {isa = PBXBuildFile; fileRef = D034EA201CAAA70700FC32A6 /* Days.swift */; };
		D034EA251CAAAB9700FC32A6 /* Day.swift in Sources */ = {isa = PBXBuildFile; fileRef = D034EA241CAAAB9700FC32A6 /* Day.swift */; };
		D05C386F1CB153920026C238 /* ReminderTable.swift in Sources */ = {isa = PBXBuildFile; fileRef = D05C386E1CB153920026C238 /* ReminderTable.swift */; };
		D05C38711CB153A60026C238 /* ReminderListCell.swift in Sources */ = {isa = PBXBuildFile; fileRef = D05C38701CB153A60026C238 /* ReminderListCell.swift */; };
		D0637B051CB136A600353789 /* ReminderData.swift in Sources */ = {isa = PBXBuildFile; fileRef = D0637B041CB136A600353789 /* ReminderData.swift */; };
		D0A645881CAB04E1005E1F81 /* Reminder.swift in Sources */ = {isa = PBXBuildFile; fileRef = D0A645871CAB04E1005E1F81 /* Reminder.swift */; };
/* End PBXBuildFile section */

/* Begin PBXContainerItemProxy section */
		D034EA041CAAA50D00FC32A6 /* PBXContainerItemProxy */ = {
			isa = PBXContainerItemProxy;
			containerPortal = D034E9E41CAAA50D00FC32A6 /* Project object */;
			proxyType = 1;
			remoteGlobalIDString = D034E9EB1CAAA50D00FC32A6;
			remoteInfo = "Reminder 3";
		};
		D034EA0F1CAAA50D00FC32A6 /* PBXContainerItemProxy */ = {
			isa = PBXContainerItemProxy;
			containerPortal = D034E9E41CAAA50D00FC32A6 /* Project object */;
			proxyType = 1;
			remoteGlobalIDString = D034E9EB1CAAA50D00FC32A6;
			remoteInfo = "Reminder 3";
		};
/* End PBXContainerItemProxy section */

/* Begin PBXFileReference section */
		D034E9EC1CAAA50D00FC32A6 /* Reminder 3.app */ = {isa = PBXFileReference; explicitFileType = wrapper.application; includeInIndex = 0; path = "Reminder 3.app"; sourceTree = BUILT_PRODUCTS_DIR; };
		D034E9EF1CAAA50D00FC32A6 /* AppDelegate.swift */ = {isa = PBXFileReference; lastKnownFileType = sourcecode.swift; path = AppDelegate.swift; sourceTree = "<group>"; };
		D034E9F11CAAA50D00FC32A6 /* ViewController.swift */ = {isa = PBXFileReference; lastKnownFileType = sourcecode.swift; path = ViewController.swift; sourceTree = "<group>"; };
		D034E9F41CAAA50D00FC32A6 /* Base */ = {isa = PBXFileReference; lastKnownFileType = file.storyboard; name = Base; path = Base.lproj/Main.storyboard; sourceTree = "<group>"; };
		D034E9F71CAAA50D00FC32A6 /* Reminder_3.xcdatamodel */ = {isa = PBXFileReference; lastKnownFileType = wrapper.xcdatamodel; path = Reminder_3.xcdatamodel; sourceTree = "<group>"; };
		D034E9F91CAAA50D00FC32A6 /* Assets.xcassets */ = {isa = PBXFileReference; lastKnownFileType = folder.assetcatalog; path = Assets.xcassets; sourceTree = "<group>"; };
		D034E9FC1CAAA50D00FC32A6 /* Base */ = {isa = PBXFileReference; lastKnownFileType = file.storyboard; name = Base; path = Base.lproj/LaunchScreen.storyboard; sourceTree = "<group>"; };
		D034E9FE1CAAA50D00FC32A6 /* Info.plist */ = {isa = PBXFileReference; lastKnownFileType = text.plist.xml; path = Info.plist; sourceTree = "<group>"; };
		D034EA031CAAA50D00FC32A6 /* Reminder 3Tests.xctest */ = {isa = PBXFileReference; explicitFileType = wrapper.cfbundle; includeInIndex = 0; path = "Reminder 3Tests.xctest"; sourceTree = BUILT_PRODUCTS_DIR; };
		D034EA071CAAA50D00FC32A6 /* Reminder_3Tests.swift */ = {isa = PBXFileReference; lastKnownFileType = sourcecode.swift; path = Reminder_3Tests.swift; sourceTree = "<group>"; };
		D034EA091CAAA50D00FC32A6 /* Info.plist */ = {isa = PBXFileReference; lastKnownFileType = text.plist.xml; path = Info.plist; sourceTree = "<group>"; };
		D034EA0E1CAAA50D00FC32A6 /* Reminder 3UITests.xctest */ = {isa = PBXFileReference; explicitFileType = wrapper.cfbundle; includeInIndex = 0; path = "Reminder 3UITests.xctest"; sourceTree = BUILT_PRODUCTS_DIR; };
		D034EA121CAAA50D00FC32A6 /* Reminder_3UITests.swift */ = {isa = PBXFileReference; lastKnownFileType = sourcecode.swift; path = Reminder_3UITests.swift; sourceTree = "<group>"; };
		D034EA141CAAA50D00FC32A6 /* Info.plist */ = {isa = PBXFileReference; lastKnownFileType = text.plist.xml; path = Info.plist; sourceTree = "<group>"; };
		D034EA201CAAA70700FC32A6 /* Days.swift */ = {isa = PBXFileReference; fileEncoding = 4; lastKnownFileType = sourcecode.swift; path = Days.swift; sourceTree = "<group>"; };
		D034EA241CAAAB9700FC32A6 /* Day.swift */ = {isa = PBXFileReference; fileEncoding = 4; lastKnownFileType = sourcecode.swift; path = Day.swift; sourceTree = "<group>"; };
		D05C386E1CB153920026C238 /* ReminderTable.swift */ = {isa = PBXFileReference; fileEncoding = 4; lastKnownFileType = sourcecode.swift; path = ReminderTable.swift; sourceTree = "<group>"; };
		D05C38701CB153A60026C238 /* ReminderListCell.swift */ = {isa = PBXFileReference; fileEncoding = 4; lastKnownFileType = sourcecode.swift; path = ReminderListCell.swift; sourceTree = "<group>"; };
		D0637B041CB136A600353789 /* ReminderData.swift */ = {isa = PBXFileReference; fileEncoding = 4; lastKnownFileType = sourcecode.swift; name = ReminderData.swift; path = ../ReminderData.swift; sourceTree = "<group>"; };
		D0A645871CAB04E1005E1F81 /* Reminder.swift */ = {isa = PBXFileReference; fileEncoding = 4; lastKnownFileType = sourcecode.swift; path = Reminder.swift; sourceTree = "<group>"; };
/* End PBXFileReference section */

/* Begin PBXFrameworksBuildPhase section */
		D034E9E91CAAA50D00FC32A6 /* Frameworks */ = {
			isa = PBXFrameworksBuildPhase;
			buildActionMask = 2147483647;
			files = (
			);
			runOnlyForDeploymentPostprocessing = 0;
		};
		D034EA001CAAA50D00FC32A6 /* Frameworks */ = {
			isa = PBXFrameworksBuildPhase;
			buildActionMask = 2147483647;
			files = (
			);
			runOnlyForDeploymentPostprocessing = 0;
		};
		D034EA0B1CAAA50D00FC32A6 /* Frameworks */ = {
			isa = PBXFrameworksBuildPhase;
			buildActionMask = 2147483647;
			files = (
			);
			runOnlyForDeploymentPostprocessing = 0;
		};
/* End PBXFrameworksBuildPhase section */

/* Begin PBXGroup section */
		D034E9E31CAAA50D00FC32A6 = {
			isa = PBXGroup;
			children = (
				D034E9EE1CAAA50D00FC32A6 /* Reminder 3 */,
				D034EA111CAAA50D00FC32A6 /* Reminder 3UITests */,
				D034E9ED1CAAA50D00FC32A6 /* Products */,
			);
			sourceTree = "<group>";
		};
		D034E9ED1CAAA50D00FC32A6 /* Products */ = {
			isa = PBXGroup;
			children = (
				D034E9EC1CAAA50D00FC32A6 /* Reminder 3.app */,
				D034EA031CAAA50D00FC32A6 /* Reminder 3Tests.xctest */,
				D034EA0E1CAAA50D00FC32A6 /* Reminder 3UITests.xctest */,
			);
			name = Products;
			sourceTree = "<group>";
		};
		D034E9EE1CAAA50D00FC32A6 /* Reminder 3 */ = {
			isa = PBXGroup;
			children = (
				D034E9EF1CAAA50D00FC32A6 /* AppDelegate.swift */,
				D0637B041CB136A600353789 /* ReminderData.swift */,
				D034E9F11CAAA50D00FC32A6 /* ViewController.swift */,
				D034EA201CAAA70700FC32A6 /* Days.swift */,
				D034EA241CAAAB9700FC32A6 /* Day.swift */,
				D0A645871CAB04E1005E1F81 /* Reminder.swift */,
				D05C38701CB153A60026C238 /* ReminderListCell.swift */,
				D05C386E1CB153920026C238 /* ReminderTable.swift */,
				D034EA061CAAA50D00FC32A6 /* Reminder 3Tests */,
				D034E9F31CAAA50D00FC32A6 /* Main.storyboard */,
				D034E9F91CAAA50D00FC32A6 /* Assets.xcassets */,
				D034E9FB1CAAA50D00FC32A6 /* LaunchScreen.storyboard */,
				D034E9FE1CAAA50D00FC32A6 /* Info.plist */,
				D034E9F61CAAA50D00FC32A6 /* Reminder_3.xcdatamodeld */,
			);
			path = "Reminder 3";
			sourceTree = "<group>";
		};
		D034EA061CAAA50D00FC32A6 /* Reminder 3Tests */ = {
			isa = PBXGroup;
			children = (
				D034EA071CAAA50D00FC32A6 /* Reminder_3Tests.swift */,
				D034EA091CAAA50D00FC32A6 /* Info.plist */,
			);
			path = "Reminder 3Tests";
			sourceTree = SOURCE_ROOT;
		};
		D034EA111CAAA50D00FC32A6 /* Reminder 3UITests */ = {
			isa = PBXGroup;
			children = (
				D034EA121CAAA50D00FC32A6 /* Reminder_3UITests.swift */,
				D034EA141CAAA50D00FC32A6 /* Info.plist */,
			);
			path = "Reminder 3UITests";
			sourceTree = "<group>";
		};
/* End PBXGroup section */

/* Begin PBXNativeTarget section */
		D034E9EB1CAAA50D00FC32A6 /* Reminder 3 */ = {
			isa = PBXNativeTarget;
			buildConfigurationList = D034EA171CAAA50D00FC32A6 /* Build configuration list for PBXNativeTarget "Reminder 3" */;
			buildPhases = (
				D034E9E81CAAA50D00FC32A6 /* Sources */,
				D034E9E91CAAA50D00FC32A6 /* Frameworks */,
				D034E9EA1CAAA50D00FC32A6 /* Resources */,
			);
			buildRules = (
			);
			dependencies = (
			);
			name = "Reminder 3";
			productName = "Reminder 3";
			productReference = D034E9EC1CAAA50D00FC32A6 /* Reminder 3.app */;
			productType = "com.apple.product-type.application";
		};
		D034EA021CAAA50D00FC32A6 /* Reminder 3Tests */ = {
			isa = PBXNativeTarget;
			buildConfigurationList = D034EA1A1CAAA50D00FC32A6 /* Build configuration list for PBXNativeTarget "Reminder 3Tests" */;
			buildPhases = (
				D034E9FF1CAAA50D00FC32A6 /* Sources */,
				D034EA001CAAA50D00FC32A6 /* Frameworks */,
				D034EA011CAAA50D00FC32A6 /* Resources */,
			);
			buildRules = (
			);
			dependencies = (
				D034EA051CAAA50D00FC32A6 /* PBXTargetDependency */,
			);
			name = "Reminder 3Tests";
			productName = "Reminder 3Tests";
			productReference = D034EA031CAAA50D00FC32A6 /* Reminder 3Tests.xctest */;
			productType = "com.apple.product-type.bundle.unit-test";
		};
		D034EA0D1CAAA50D00FC32A6 /* Reminder 3UITests */ = {
			isa = PBXNativeTarget;
			buildConfigurationList = D034EA1D1CAAA50D00FC32A6 /* Build configuration list for PBXNativeTarget "Reminder 3UITests" */;
			buildPhases = (
				D034EA0A1CAAA50D00FC32A6 /* Sources */,
				D034EA0B1CAAA50D00FC32A6 /* Frameworks */,
				D034EA0C1CAAA50D00FC32A6 /* Resources */,
			);
			buildRules = (
			);
			dependencies = (
				D034EA101CAAA50D00FC32A6 /* PBXTargetDependency */,
			);
			name = "Reminder 3UITests";
			productName = "Reminder 3UITests";
			productReference = D034EA0E1CAAA50D00FC32A6 /* Reminder 3UITests.xctest */;
			productType = "com.apple.product-type.bundle.ui-testing";
		};
/* End PBXNativeTarget section */

/* Begin PBXProject section */
		D034E9E41CAAA50D00FC32A6 /* Project object */ = {
			isa = PBXProject;
			attributes = {
				LastSwiftUpdateCheck = 0720;
				LastUpgradeCheck = 0720;
				ORGANIZATIONNAME = "Shafiq Aradi";
				TargetAttributes = {
					D034E9EB1CAAA50D00FC32A6 = {
						CreatedOnToolsVersion = 7.2.1;
						DevelopmentTeam = 5Z68V6D78V;
					};
					D034EA021CAAA50D00FC32A6 = {
						CreatedOnToolsVersion = 7.2.1;
						TestTargetID = D034E9EB1CAAA50D00FC32A6;
					};
					D034EA0D1CAAA50D00FC32A6 = {
						CreatedOnToolsVersion = 7.2.1;
						TestTargetID = D034E9EB1CAAA50D00FC32A6;
					};
				};
			};
			buildConfigurationList = D034E9E71CAAA50D00FC32A6 /* Build configuration list for PBXProject "Reminder 3" */;
			compatibilityVersion = "Xcode 3.2";
			developmentRegion = English;
			hasScannedForEncodings = 0;
			knownRegions = (
				en,
				Base,
			);
			mainGroup = D034E9E31CAAA50D00FC32A6;
			productRefGroup = D034E9ED1CAAA50D00FC32A6 /* Products */;
			projectDirPath = "";
			projectRoot = "";
			targets = (
				D034E9EB1CAAA50D00FC32A6 /* Reminder 3 */,
				D034EA021CAAA50D00FC32A6 /* Reminder 3Tests */,
				D034EA0D1CAAA50D00FC32A6 /* Reminder 3UITests */,
			);
		};
/* End PBXProject section */

/* Begin PBXResourcesBuildPhase section */
		D034E9EA1CAAA50D00FC32A6 /* Resources */ = {
			isa = PBXResourcesBuildPhase;
			buildActionMask = 2147483647;
			files = (
				D034E9FD1CAAA50D00FC32A6 /* LaunchScreen.storyboard in Resources */,
				D034E9FA1CAAA50D00FC32A6 /* Assets.xcassets in Resources */,
				D034E9F51CAAA50D00FC32A6 /* Main.storyboard in Resources */,
			);
			runOnlyForDeploymentPostprocessing = 0;
		};
		D034EA011CAAA50D00FC32A6 /* Resources */ = {
			isa = PBXResourcesBuildPhase;
			buildActionMask = 2147483647;
			files = (
			);
			runOnlyForDeploymentPostprocessing = 0;
		};
		D034EA0C1CAAA50D00FC32A6 /* Resources */ = {
			isa = PBXResourcesBuildPhase;
			buildActionMask = 2147483647;
			files = (
			);
			runOnlyForDeploymentPostprocessing = 0;
		};
/* End PBXResourcesBuildPhase section */

/* Begin PBXSourcesBuildPhase section */
		D034E9E81CAAA50D00FC32A6 /* Sources */ = {
			isa = PBXSourcesBuildPhase;
			buildActionMask = 2147483647;
			files = (
				D034E9F21CAAA50D00FC32A6 /* ViewController.swift in Sources */,
				D034E9F01CAAA50D00FC32A6 /* AppDelegate.swift in Sources */,
				D05C38711CB153A60026C238 /* ReminderListCell.swift in Sources */,
				D034EA251CAAAB9700FC32A6 /* Day.swift in Sources */,
				D0637B051CB136A600353789 /* ReminderData.swift in Sources */,
				D034EA211CAAA70700FC32A6 /* Days.swift in Sources */,
				D0A645881CAB04E1005E1F81 /* Reminder.swift in Sources */,
				D034E9F81CAAA50D00FC32A6 /* Reminder_3.xcdatamodeld in Sources */,
				D05C386F1CB153920026C238 /* ReminderTable.swift in Sources */,
			);
			runOnlyForDeploymentPostprocessing = 0;
		};
		D034E9FF1CAAA50D00FC32A6 /* Sources */ = {
			isa = PBXSourcesBuildPhase;
			buildActionMask = 2147483647;
			files = (
				D034EA081CAAA50D00FC32A6 /* Reminder_3Tests.swift in Sources */,
			);
			runOnlyForDeploymentPostprocessing = 0;
		};
		D034EA0A1CAAA50D00FC32A6 /* Sources */ = {
			isa = PBXSourcesBuildPhase;
			buildActionMask = 2147483647;
			files = (
				D034EA131CAAA50D00FC32A6 /* Reminder_3UITests.swift in Sources */,
			);
			runOnlyForDeploymentPostprocessing = 0;
		};
/* End PBXSourcesBuildPhase section */

/* Begin PBXTargetDependency section */
		D034EA051CAAA50D00FC32A6 /* PBXTargetDependency */ = {
			isa = PBXTargetDependency;
			target = D034E9EB1CAAA50D00FC32A6 /* Reminder 3 */;
			targetProxy = D034EA041CAAA50D00FC32A6 /* PBXContainerItemProxy */;
		};
		D034EA101CAAA50D00FC32A6 /* PBXTargetDependency */ = {
			isa = PBXTargetDependency;
			target = D034E9EB1CAAA50D00FC32A6 /* Reminder 3 */;
			targetProxy = D034EA0F1CAAA50D00FC32A6 /* PBXContainerItemProxy */;
		};
/* End PBXTargetDependency section */

/* Begin PBXVariantGroup section */
		D034E9F31CAAA50D00FC32A6 /* Main.storyboard */ = {
			isa = PBXVariantGroup;
			children = (
				D034E9F41CAAA50D00FC32A6 /* Base */,
			);
			name = Main.storyboard;
			sourceTree = "<group>";
		};
		D034E9FB1CAAA50D00FC32A6 /* LaunchScreen.storyboard */ = {
			isa = PBXVariantGroup;
			children = (
				D034E9FC1CAAA50D00FC32A6 /* Base */,
			);
			name = LaunchScreen.storyboard;
			sourceTree = "<group>";
		};
/* End PBXVariantGroup section */

/* Begin XCBuildConfiguration section */
		D034EA151CAAA50D00FC32A6 /* Debug */ = {
			isa = XCBuildConfiguration;
			buildSettings = {
				ALWAYS_SEARCH_USER_PATHS = NO;
				CLANG_CXX_LANGUAGE_STANDARD = "gnu++0x";
				CLANG_CXX_LIBRARY = "libc++";
				CLANG_ENABLE_MODULES = YES;
				CLANG_ENABLE_OBJC_ARC = YES;
				CLANG_WARN_BOOL_CONVERSION = YES;
				CLANG_WARN_CONSTANT_CONVERSION = YES;
				CLANG_WARN_DIRECT_OBJC_ISA_USAGE = YES_ERROR;
				CLANG_WARN_EMPTY_BODY = YES;
				CLANG_WARN_ENUM_CONVERSION = YES;
				CLANG_WARN_INT_CONVERSION = YES;
				CLANG_WARN_OBJC_ROOT_CLASS = YES_ERROR;
				CLANG_WARN_UNREACHABLE_CODE = YES;
				CLANG_WARN__DUPLICATE_METHOD_MATCH = YES;
				"CODE_SIGN_IDENTITY[sdk=iphoneos*]" = "iPhone Developer";
				COPY_PHASE_STRIP = NO;
				DEBUG_INFORMATION_FORMAT = dwarf;
				ENABLE_STRICT_OBJC_MSGSEND = YES;
				ENABLE_TESTABILITY = YES;
				GCC_C_LANGUAGE_STANDARD = gnu99;
				GCC_DYNAMIC_NO_PIC = NO;
				GCC_NO_COMMON_BLOCKS = YES;
				GCC_OPTIMIZATION_LEVEL = 0;
				GCC_PREPROCESSOR_DEFINITIONS = (
					"DEBUG=1",
					"$(inherited)",
				);
				GCC_WARN_64_TO_32_BIT_CONVERSION = YES;
				GCC_WARN_ABOUT_RETURN_TYPE = YES_ERROR;
				GCC_WARN_UNDECLARED_SELECTOR = YES;
				GCC_WARN_UNINITIALIZED_AUTOS = YES_AGGRESSIVE;
				GCC_WARN_UNUSED_FUNCTION = YES;
				GCC_WARN_UNUSED_VARIABLE = YES;
				IPHONEOS_DEPLOYMENT_TARGET = 9.2;
				MTL_ENABLE_DEBUG_INFO = YES;
				ONLY_ACTIVE_ARCH = YES;
				SDKROOT = iphoneos;
				SWIFT_OPTIMIZATION_LEVEL = "-Onone";
			};
			name = Debug;
		};
		D034EA161CAAA50D00FC32A6 /* Release */ = {
			isa = XCBuildConfiguration;
			buildSettings = {
				ALWAYS_SEARCH_USER_PATHS = NO;
				CLANG_CXX_LANGUAGE_STANDARD = "gnu++0x";
				CLANG_CXX_LIBRARY = "libc++";
				CLANG_ENABLE_MODULES = YES;
				CLANG_ENABLE_OBJC_ARC = YES;
				CLANG_WARN_BOOL_CONVERSION = YES;
				CLANG_WARN_CONSTANT_CONVERSION = YES;
				CLANG_WARN_DIRECT_OBJC_ISA_USAGE = YES_ERROR;
				CLANG_WARN_EMPTY_BODY = YES;
				CLANG_WARN_ENUM_CONVERSION = YES;
				CLANG_WARN_INT_CONVERSION = YES;
				CLANG_WARN_OBJC_ROOT_CLASS = YES_ERROR;
				CLANG_WARN_UNREACHABLE_CODE = YES;
				CLANG_WARN__DUPLICATE_METHOD_MATCH = YES;
				"CODE_SIGN_IDENTITY[sdk=iphoneos*]" = "iPhone Developer";
				COPY_PHASE_STRIP = NO;
				DEBUG_INFORMATION_FORMAT = "dwarf-with-dsym";
				ENABLE_NS_ASSERTIONS = NO;
				ENABLE_STRICT_OBJC_MSGSEND = YES;
				GCC_C_LANGUAGE_STANDARD = gnu99;
				GCC_NO_COMMON_BLOCKS = YES;
				GCC_WARN_64_TO_32_BIT_CONVERSION = YES;
				GCC_WARN_ABOUT_RETURN_TYPE = YES_ERROR;
				GCC_WARN_UNDECLARED_SELECTOR = YES;
				GCC_WARN_UNINITIALIZED_AUTOS = YES_AGGRESSIVE;
				GCC_WARN_UNUSED_FUNCTION = YES;
				GCC_WARN_UNUSED_VARIABLE = YES;
				IPHONEOS_DEPLOYMENT_TARGET = 9.2;
				MTL_ENABLE_DEBUG_INFO = NO;
				SDKROOT = iphoneos;
				VALIDATE_PRODUCT = YES;
			};
			name = Release;
		};
		D034EA181CAAA50D00FC32A6 /* Debug */ = {
			isa = XCBuildConfiguration;
			buildSettings = {
				ASSETCATALOG_COMPILER_APPICON_NAME = AppIcon;
				CODE_SIGN_IDENTITY = "iPhone Developer";
				"CODE_SIGN_IDENTITY[sdk=iphoneos*]" = "iPhone Developer";
				INFOPLIST_FILE = "Reminder 3/Info.plist";
				LD_RUNPATH_SEARCH_PATHS = "$(inherited) @executable_path/Frameworks";
				PRODUCT_BUNDLE_IDENTIFIER = "edu.self.Reminder-3";
				PRODUCT_NAME = "$(TARGET_NAME)";
				PROVISIONING_PROFILE = "";
			};
			name = Debug;
		};
		D034EA191CAAA50D00FC32A6 /* Release */ = {
			isa = XCBuildConfiguration;
			buildSettings = {
				ASSETCATALOG_COMPILER_APPICON_NAME = AppIcon;
				CODE_SIGN_IDENTITY = "iPhone Developer";
				"CODE_SIGN_IDENTITY[sdk=iphoneos*]" = "iPhone Developer";
				INFOPLIST_FILE = "Reminder 3/Info.plist";
				LD_RUNPATH_SEARCH_PATHS = "$(inherited) @executable_path/Frameworks";
				PRODUCT_BUNDLE_IDENTIFIER = "edu.self.Reminder-3";
				PRODUCT_NAME = "$(TARGET_NAME)";
				PROVISIONING_PROFILE = "";
			};
			name = Release;
		};
		D034EA1B1CAAA50D00FC32A6 /* Debug */ = {
			isa = XCBuildConfiguration;
			buildSettings = {
				BUNDLE_LOADER = "$(TEST_HOST)";
				INFOPLIST_FILE = "Reminder 3Tests/Info.plist";
				LD_RUNPATH_SEARCH_PATHS = "$(inherited) @executable_path/Frameworks @loader_path/Frameworks";
				PRODUCT_BUNDLE_IDENTIFIER = "edu.self.Reminder-3Tests";
				PRODUCT_NAME = "$(TARGET_NAME)";
				TEST_HOST = "$(BUILT_PRODUCTS_DIR)/Reminder 3.app/Reminder 3";
			};
			name = Debug;
		};
		D034EA1C1CAAA50D00FC32A6 /* Release */ = {
			isa = XCBuildConfiguration;
			buildSettings = {
				BUNDLE_LOADER = "$(TEST_HOST)";
				INFOPLIST_FILE = "Reminder 3Tests/Info.plist";
				LD_RUNPATH_SEARCH_PATHS = "$(inherited) @executable_path/Frameworks @loader_path/Frameworks";
				PRODUCT_BUNDLE_IDENTIFIER = "edu.self.Reminder-3Tests";
				PRODUCT_NAME = "$(TARGET_NAME)";
				TEST_HOST = "$(BUILT_PRODUCTS_DIR)/Reminder 3.app/Reminder 3";
			};
			name = Release;
		};
		D034EA1E1CAAA50D00FC32A6 /* Debug */ = {
			isa = XCBuildConfiguration;
			buildSettings = {
				INFOPLIST_FILE = "Reminder 3UITests/Info.plist";
				LD_RUNPATH_SEARCH_PATHS = "$(inherited) @executable_path/Frameworks @loader_path/Frameworks";
				PRODUCT_BUNDLE_IDENTIFIER = "edu.self.Reminder-3UITests";
				PRODUCT_NAME = "$(TARGET_NAME)";
				TEST_TARGET_NAME = "Reminder 3";
				USES_XCTRUNNER = YES;
			};
			name = Debug;
		};
		D034EA1F1CAAA50D00FC32A6 /* Release */ = {
			isa = XCBuildConfiguration;
			buildSettings = {
				INFOPLIST_FILE = "Reminder 3UITests/Info.plist";
				LD_RUNPATH_SEARCH_PATHS = "$(inherited) @executable_path/Frameworks @loader_path/Frameworks";
				PRODUCT_BUNDLE_IDENTIFIER = "edu.self.Reminder-3UITests";
				PRODUCT_NAME = "$(TARGET_NAME)";
				TEST_TARGET_NAME = "Reminder 3";
				USES_XCTRUNNER = YES;
			};
			name = Release;
		};
/* End XCBuildConfiguration section */

/* Begin XCConfigurationList section */
		D034E9E71CAAA50D00FC32A6 /* Build configuration list for PBXProject "Reminder 3" */ = {
			isa = XCConfigurationList;
			buildConfigurations = (
				D034EA151CAAA50D00FC32A6 /* Debug */,
				D034EA161CAAA50D00FC32A6 /* Release */,
			);
			defaultConfigurationIsVisible = 0;
			defaultConfigurationName = Release;
		};
		D034EA171CAAA50D00FC32A6 /* Build configuration list for PBXNativeTarget "Reminder 3" */ = {
			isa = XCConfigurationList;
			buildConfigurations = (
				D034EA181CAAA50D00FC32A6 /* Debug */,
				D034EA191CAAA50D00FC32A6 /* Release */,
			);
			defaultConfigurationIsVisible = 0;
			defaultConfigurationName = Release;
		};
		D034EA1A1CAAA50D00FC32A6 /* Build configuration list for PBXNativeTarget "Reminder 3Tests" */ = {
			isa = XCConfigurationList;
			buildConfigurations = (
				D034EA1B1CAAA50D00FC32A6 /* Debug */,
				D034EA1C1CAAA50D00FC32A6 /* Release */,
			);
			defaultConfigurationIsVisible = 0;
			defaultConfigurationName = Release;
		};
		D034EA1D1CAAA50D00FC32A6 /* Build configuration list for PBXNativeTarget "Reminder 3UITests" */ = {
			isa = XCConfigurationList;
			buildConfigurations = (
				D034EA1E1CAAA50D00FC32A6 /* Debug */,
				D034EA1F1CAAA50D00FC32A6 /* Release */,
			);
			defaultConfigurationIsVisible = 0;
			defaultConfigurationName = Release;
		};
/* End XCConfigurationList section */

/* Begin XCVersionGroup section */
		D034E9F61CAAA50D00FC32A6 /* Reminder_3.xcdatamodeld */ = {
			isa = XCVersionGroup;
			children = (
				D034E9F71CAAA50D00FC32A6 /* Reminder_3.xcdatamodel */,
			);
			currentVersion = D034E9F71CAAA50D00FC32A6 /* Reminder_3.xcdatamodel */;
			path = Reminder_3.xcdatamodeld;
			sourceTree = "<group>";
			versionGroupType = wrapper.xcdatamodel;
		};
/* End XCVersionGroup section */
	};
	rootObject = D034E9E41CAAA50D00FC32A6 /* Project object */;
}
